// !$*UTF8*$!
{
	archiveVersion = 1;
	classes = {
	};
	objectVersion = 56;
	objects = {

/* Begin PBXBuildFile section */
		860030342BF0D9FF0022E394 /* CalcolaModulo.swift in Sources */ = {isa = PBXBuildFile; fileRef = 860030332BF0D9FF0022E394 /* CalcolaModulo.swift */; };
		86A10BFA2C0A71830096C78F /* HamiltonianCycle.swift in Sources */ = {isa = PBXBuildFile; fileRef = 86A10BF92C0A71830096C78F /* HamiltonianCycle.swift */; };
		86A10BFC2C0A74B80096C78F /* Albero.swift in Sources */ = {isa = PBXBuildFile; fileRef = 86A10BFB2C0A74B80096C78F /* Albero.swift */; };
		86A10BFE2C0A74C10096C78F /* DueConnesso.swift in Sources */ = {isa = PBXBuildFile; fileRef = 86A10BFD2C0A74C10096C78F /* DueConnesso.swift */; };
		86A10C002C0A74C70096C78F /* Sconnesso.swift in Sources */ = {isa = PBXBuildFile; fileRef = 86A10BFF2C0A74C70096C78F /* Sconnesso.swift */; };
		86C37D472C08598C00367615 /* Isomorfismi.swift in Sources */ = {isa = PBXBuildFile; fileRef = 86C37D462C08598C00367615 /* Isomorfismi.swift */; };
		86C37D492C08599B00367615 /* Score.swift in Sources */ = {isa = PBXBuildFile; fileRef = 86C37D482C08599B00367615 /* Score.swift */; };
		86C37D4C2C08604400367615 /* PythonKit in Frameworks */ = {isa = PBXBuildFile; productRef = 86C37D4B2C08604400367615 /* PythonKit */; };
		86F7D3C32BEFED870063B9BD /* FondamentiApp.swift in Sources */ = {isa = PBXBuildFile; fileRef = 86F7D3C22BEFED870063B9BD /* FondamentiApp.swift */; };
		86F7D3C52BEFED870063B9BD /* ContentView.swift in Sources */ = {isa = PBXBuildFile; fileRef = 86F7D3C42BEFED870063B9BD /* ContentView.swift */; };
		86F7D3C72BEFED890063B9BD /* Assets.xcassets in Resources */ = {isa = PBXBuildFile; fileRef = 86F7D3C62BEFED890063B9BD /* Assets.xcassets */; };
		86F7D3CA2BEFED890063B9BD /* Preview Assets.xcassets in Resources */ = {isa = PBXBuildFile; fileRef = 86F7D3C92BEFED890063B9BD /* Preview Assets.xcassets */; };
		86F7D3D32BEFF0830063B9BD /* Esercizio2.swift in Sources */ = {isa = PBXBuildFile; fileRef = 86F7D3D22BEFF0830063B9BD /* Esercizio2.swift */; };
		86F7D3D52BEFF0990063B9BD /* Esercizio3.swift in Sources */ = {isa = PBXBuildFile; fileRef = 86F7D3D42BEFF0990063B9BD /* Esercizio3.swift */; };
/* End PBXBuildFile section */

/* Begin PBXFileReference section */
		860030332BF0D9FF0022E394 /* CalcolaModulo.swift */ = {isa = PBXFileReference; lastKnownFileType = sourcecode.swift; path = CalcolaModulo.swift; sourceTree = "<group>"; };
		8647EB282C086F5E00A1A783 /* Fondamenti.entitlements */ = {isa = PBXFileReference; lastKnownFileType = text.plist.entitlements; path = Fondamenti.entitlements; sourceTree = "<group>"; };
		86A10BF92C0A71830096C78F /* HamiltonianCycle.swift */ = {isa = PBXFileReference; lastKnownFileType = sourcecode.swift; path = HamiltonianCycle.swift; sourceTree = "<group>"; };
		86A10BFB2C0A74B80096C78F /* Albero.swift */ = {isa = PBXFileReference; lastKnownFileType = sourcecode.swift; path = Albero.swift; sourceTree = "<group>"; };
		86A10BFD2C0A74C10096C78F /* DueConnesso.swift */ = {isa = PBXFileReference; lastKnownFileType = sourcecode.swift; path = DueConnesso.swift; sourceTree = "<group>"; };
		86A10BFF2C0A74C70096C78F /* Sconnesso.swift */ = {isa = PBXFileReference; lastKnownFileType = sourcecode.swift; path = Sconnesso.swift; sourceTree = "<group>"; };
		86C37D462C08598C00367615 /* Isomorfismi.swift */ = {isa = PBXFileReference; lastKnownFileType = sourcecode.swift; path = Isomorfismi.swift; sourceTree = "<group>"; };
		86C37D482C08599B00367615 /* Score.swift */ = {isa = PBXFileReference; lastKnownFileType = sourcecode.swift; path = Score.swift; sourceTree = "<group>"; };
		86F7D3BF2BEFED870063B9BD /* Fondamenti.app */ = {isa = PBXFileReference; explicitFileType = wrapper.application; includeInIndex = 0; path = Fondamenti.app; sourceTree = BUILT_PRODUCTS_DIR; };
		86F7D3C22BEFED870063B9BD /* FondamentiApp.swift */ = {isa = PBXFileReference; lastKnownFileType = sourcecode.swift; path = FondamentiApp.swift; sourceTree = "<group>"; };
		86F7D3C42BEFED870063B9BD /* ContentView.swift */ = {isa = PBXFileReference; lastKnownFileType = sourcecode.swift; path = ContentView.swift; sourceTree = "<group>"; };
		86F7D3C62BEFED890063B9BD /* Assets.xcassets */ = {isa = PBXFileReference; lastKnownFileType = folder.assetcatalog; path = Assets.xcassets; sourceTree = "<group>"; };
		86F7D3C92BEFED890063B9BD /* Preview Assets.xcassets */ = {isa = PBXFileReference; lastKnownFileType = folder.assetcatalog; path = "Preview Assets.xcassets"; sourceTree = "<group>"; };
		86F7D3D22BEFF0830063B9BD /* Esercizio2.swift */ = {isa = PBXFileReference; lastKnownFileType = sourcecode.swift; path = Esercizio2.swift; sourceTree = "<group>"; };
		86F7D3D42BEFF0990063B9BD /* Esercizio3.swift */ = {isa = PBXFileReference; lastKnownFileType = sourcecode.swift; path = Esercizio3.swift; sourceTree = "<group>"; };
/* End PBXFileReference section */

/* Begin PBXFrameworksBuildPhase section */
		86F7D3BC2BEFED870063B9BD /* Frameworks */ = {
			isa = PBXFrameworksBuildPhase;
			buildActionMask = 2147483647;
			files = (
				86C37D4C2C08604400367615 /* PythonKit in Frameworks */,
			);
			runOnlyForDeploymentPostprocessing = 0;
		};
/* End PBXFrameworksBuildPhase section */

/* Begin PBXGroup section */
		86F7D3B62BEFED870063B9BD = {
			isa = PBXGroup;
			children = (
				86F7D3C12BEFED870063B9BD /* Fondamenti */,
				86F7D3C02BEFED870063B9BD /* Products */,
			);
			sourceTree = "<group>";
		};
		86F7D3C02BEFED870063B9BD /* Products */ = {
			isa = PBXGroup;
			children = (
				86F7D3BF2BEFED870063B9BD /* Fondamenti.app */,
			);
			name = Products;
			sourceTree = "<group>";
		};
		86F7D3C12BEFED870063B9BD /* Fondamenti */ = {
			isa = PBXGroup;
			children = (
				8647EB282C086F5E00A1A783 /* Fondamenti.entitlements */,
				86F7D3C22BEFED870063B9BD /* FondamentiApp.swift */,
				86F7D3C42BEFED870063B9BD /* ContentView.swift */,
				86F7D3C62BEFED890063B9BD /* Assets.xcassets */,
				86F7D3C82BEFED890063B9BD /* Preview Content */,
				86F7D3D22BEFF0830063B9BD /* Esercizio2.swift */,
				86F7D3D42BEFF0990063B9BD /* Esercizio3.swift */,
				860030332BF0D9FF0022E394 /* CalcolaModulo.swift */,
				86C37D462C08598C00367615 /* Isomorfismi.swift */,
				86C37D482C08599B00367615 /* Score.swift */,
				86A10BF92C0A71830096C78F /* HamiltonianCycle.swift */,
				86A10BFB2C0A74B80096C78F /* Albero.swift */,
				86A10BFD2C0A74C10096C78F /* DueConnesso.swift */,
				86A10BFF2C0A74C70096C78F /* Sconnesso.swift */,
			);
			path = Fondamenti;
			sourceTree = "<group>";
		};
		86F7D3C82BEFED890063B9BD /* Preview Content */ = {
			isa = PBXGroup;
			children = (
				86F7D3C92BEFED890063B9BD /* Preview Assets.xcassets */,
			);
			path = "Preview Content";
			sourceTree = "<group>";
		};
/* End PBXGroup section */

/* Begin PBXNativeTarget section */
		86F7D3BE2BEFED870063B9BD /* Fondamenti */ = {
			isa = PBXNativeTarget;
			buildConfigurationList = 86F7D3CD2BEFED890063B9BD /* Build configuration list for PBXNativeTarget "Fondamenti" */;
			buildPhases = (
				86F7D3BB2BEFED870063B9BD /* Sources */,
				86F7D3BC2BEFED870063B9BD /* Frameworks */,
				86F7D3BD2BEFED870063B9BD /* Resources */,
			);
			buildRules = (
			);
			dependencies = (
			);
			name = Fondamenti;
			packageProductDependencies = (
				86C37D4B2C08604400367615 /* PythonKit */,
			);
			productName = Fondamenti;
			productReference = 86F7D3BF2BEFED870063B9BD /* Fondamenti.app */;
			productType = "com.apple.product-type.application";
		};
/* End PBXNativeTarget section */

/* Begin PBXProject section */
		86F7D3B72BEFED870063B9BD /* Project object */ = {
			isa = PBXProject;
			attributes = {
				BuildIndependentTargetsInParallel = 1;
				LastSwiftUpdateCheck = 1530;
				LastUpgradeCheck = 1530;
				TargetAttributes = {
					86F7D3BE2BEFED870063B9BD = {
						CreatedOnToolsVersion = 15.3;
					};
				};
			};
			buildConfigurationList = 86F7D3BA2BEFED870063B9BD /* Build configuration list for PBXProject "Fondamenti" */;
			compatibilityVersion = "Xcode 14.0";
			developmentRegion = en;
			hasScannedForEncodings = 0;
			knownRegions = (
				en,
				Base,
			);
			mainGroup = 86F7D3B62BEFED870063B9BD;
			packageReferences = (
				86C37D4A2C08604400367615 /* XCRemoteSwiftPackageReference "PythonKit" */,
			);
			productRefGroup = 86F7D3C02BEFED870063B9BD /* Products */;
			projectDirPath = "";
			projectRoot = "";
			targets = (
				86F7D3BE2BEFED870063B9BD /* Fondamenti */,
			);
		};
/* End PBXProject section */

/* Begin PBXResourcesBuildPhase section */
		86F7D3BD2BEFED870063B9BD /* Resources */ = {
			isa = PBXResourcesBuildPhase;
			buildActionMask = 2147483647;
			files = (
				86F7D3CA2BEFED890063B9BD /* Preview Assets.xcassets in Resources */,
				86F7D3C72BEFED890063B9BD /* Assets.xcassets in Resources */,
			);
			runOnlyForDeploymentPostprocessing = 0;
		};
/* End PBXResourcesBuildPhase section */

/* Begin PBXSourcesBuildPhase section */
		86F7D3BB2BEFED870063B9BD /* Sources */ = {
			isa = PBXSourcesBuildPhase;
			buildActionMask = 2147483647;
			files = (
				86C37D492C08599B00367615 /* Score.swift in Sources */,
				86F7D3D32BEFF0830063B9BD /* Esercizio2.swift in Sources */,
				86C37D472C08598C00367615 /* Isomorfismi.swift in Sources */,
				86A10BFC2C0A74B80096C78F /* Albero.swift in Sources */,
				86F7D3C52BEFED870063B9BD /* ContentView.swift in Sources */,
				86F7D3C32BEFED870063B9BD /* FondamentiApp.swift in Sources */,
				86A10BFA2C0A71830096C78F /* HamiltonianCycle.swift in Sources */,
				860030342BF0D9FF0022E394 /* CalcolaModulo.swift in Sources */,
				86A10C002C0A74C70096C78F /* Sconnesso.swift in Sources */,
				86A10BFE2C0A74C10096C78F /* DueConnesso.swift in Sources */,
				86F7D3D52BEFF0990063B9BD /* Esercizio3.swift in Sources */,
			);
			runOnlyForDeploymentPostprocessing = 0;
		};
/* End PBXSourcesBuildPhase section */

/* Begin XCBuildConfiguration section */
		86F7D3CB2BEFED890063B9BD /* Debug */ = {
			isa = XCBuildConfiguration;
			buildSettings = {
				ALWAYS_SEARCH_USER_PATHS = NO;
				ASSETCATALOG_COMPILER_GENERATE_SWIFT_ASSET_SYMBOL_EXTENSIONS = YES;
				CLANG_ANALYZER_NONNULL = YES;
				CLANG_ANALYZER_NUMBER_OBJECT_CONVERSION = YES_AGGRESSIVE;
				CLANG_CXX_LANGUAGE_STANDARD = "gnu++20";
				CLANG_ENABLE_MODULES = YES;
				CLANG_ENABLE_OBJC_ARC = YES;
				CLANG_ENABLE_OBJC_WEAK = YES;
				CLANG_WARN_BLOCK_CAPTURE_AUTORELEASING = YES;
				CLANG_WARN_BOOL_CONVERSION = YES;
				CLANG_WARN_COMMA = YES;
				CLANG_WARN_CONSTANT_CONVERSION = YES;
				CLANG_WARN_DEPRECATED_OBJC_IMPLEMENTATIONS = YES;
				CLANG_WARN_DIRECT_OBJC_ISA_USAGE = YES_ERROR;
				CLANG_WARN_DOCUMENTATION_COMMENTS = YES;
				CLANG_WARN_EMPTY_BODY = YES;
				CLANG_WARN_ENUM_CONVERSION = YES;
				CLANG_WARN_INFINITE_RECURSION = YES;
				CLANG_WARN_INT_CONVERSION = YES;
				CLANG_WARN_NON_LITERAL_NULL_CONVERSION = YES;
				CLANG_WARN_OBJC_IMPLICIT_RETAIN_SELF = YES;
				CLANG_WARN_OBJC_LITERAL_CONVERSION = YES;
				CLANG_WARN_OBJC_ROOT_CLASS = YES_ERROR;
				CLANG_WARN_QUOTED_INCLUDE_IN_FRAMEWORK_HEADER = YES;
				CLANG_WARN_RANGE_LOOP_ANALYSIS = YES;
				CLANG_WARN_STRICT_PROTOTYPES = YES;
				CLANG_WARN_SUSPICIOUS_MOVE = YES;
				CLANG_WARN_UNGUARDED_AVAILABILITY = YES_AGGRESSIVE;
				CLANG_WARN_UNREACHABLE_CODE = YES;
				CLANG_WARN__DUPLICATE_METHOD_MATCH = YES;
				COPY_PHASE_STRIP = NO;
				DEBUG_INFORMATION_FORMAT = dwarf;
				ENABLE_STRICT_OBJC_MSGSEND = YES;
				ENABLE_TESTABILITY = YES;
				ENABLE_USER_SCRIPT_SANDBOXING = YES;
				GCC_C_LANGUAGE_STANDARD = gnu17;
				GCC_DYNAMIC_NO_PIC = NO;
				GCC_NO_COMMON_BLOCKS = YES;
				GCC_OPTIMIZATION_LEVEL = 0;
				GCC_PREPROCESSOR_DEFINITIONS = (
					"DEBUG=1",
					"$(inherited)",
				);
				GCC_WARN_64_TO_32_BIT_CONVERSION = YES;
				GCC_WARN_ABOUT_RETURN_TYPE = YES_ERROR;
				GCC_WARN_UNDECLARED_SELECTOR = YES;
				GCC_WARN_UNINITIALIZED_AUTOS = YES_AGGRESSIVE;
				GCC_WARN_UNUSED_FUNCTION = YES;
				GCC_WARN_UNUSED_VARIABLE = YES;
				IPHONEOS_DEPLOYMENT_TARGET = 17.4;
				LOCALIZATION_PREFERS_STRING_CATALOGS = YES;
				MTL_ENABLE_DEBUG_INFO = INCLUDE_SOURCE;
				MTL_FAST_MATH = YES;
				ONLY_ACTIVE_ARCH = YES;
				SDKROOT = iphoneos;
				SWIFT_ACTIVE_COMPILATION_CONDITIONS = "DEBUG $(inherited)";
				SWIFT_OPTIMIZATION_LEVEL = "-Onone";
			};
			name = Debug;
		};
		86F7D3CC2BEFED890063B9BD /* Release */ = {
			isa = XCBuildConfiguration;
			buildSettings = {
				ALWAYS_SEARCH_USER_PATHS = NO;
				ASSETCATALOG_COMPILER_GENERATE_SWIFT_ASSET_SYMBOL_EXTENSIONS = YES;
				CLANG_ANALYZER_NONNULL = YES;
				CLANG_ANALYZER_NUMBER_OBJECT_CONVERSION = YES_AGGRESSIVE;
				CLANG_CXX_LANGUAGE_STANDARD = "gnu++20";
				CLANG_ENABLE_MODULES = YES;
				CLANG_ENABLE_OBJC_ARC = YES;
				CLANG_ENABLE_OBJC_WEAK = YES;
				CLANG_WARN_BLOCK_CAPTURE_AUTORELEASING = YES;
				CLANG_WARN_BOOL_CONVERSION = YES;
				CLANG_WARN_COMMA = YES;
				CLANG_WARN_CONSTANT_CONVERSION = YES;
				CLANG_WARN_DEPRECATED_OBJC_IMPLEMENTATIONS = YES;
				CLANG_WARN_DIRECT_OBJC_ISA_USAGE = YES_ERROR;
				CLANG_WARN_DOCUMENTATION_COMMENTS = YES;
				CLANG_WARN_EMPTY_BODY = YES;
				CLANG_WARN_ENUM_CONVERSION = YES;
				CLANG_WARN_INFINITE_RECURSION = YES;
				CLANG_WARN_INT_CONVERSION = YES;
				CLANG_WARN_NON_LITERAL_NULL_CONVERSION = YES;
				CLANG_WARN_OBJC_IMPLICIT_RETAIN_SELF = YES;
				CLANG_WARN_OBJC_LITERAL_CONVERSION = YES;
				CLANG_WARN_OBJC_ROOT_CLASS = YES_ERROR;
				CLANG_WARN_QUOTED_INCLUDE_IN_FRAMEWORK_HEADER = YES;
				CLANG_WARN_RANGE_LOOP_ANALYSIS = YES;
				CLANG_WARN_STRICT_PROTOTYPES = YES;
				CLANG_WARN_SUSPICIOUS_MOVE = YES;
				CLANG_WARN_UNGUARDED_AVAILABILITY = YES_AGGRESSIVE;
				CLANG_WARN_UNREACHABLE_CODE = YES;
				CLANG_WARN__DUPLICATE_METHOD_MATCH = YES;
				COPY_PHASE_STRIP = NO;
				DEBUG_INFORMATION_FORMAT = "dwarf-with-dsym";
				ENABLE_NS_ASSERTIONS = NO;
				ENABLE_STRICT_OBJC_MSGSEND = YES;
				ENABLE_USER_SCRIPT_SANDBOXING = YES;
				GCC_C_LANGUAGE_STANDARD = gnu17;
				GCC_NO_COMMON_BLOCKS = YES;
				GCC_WARN_64_TO_32_BIT_CONVERSION = YES;
				GCC_WARN_ABOUT_RETURN_TYPE = YES_ERROR;
				GCC_WARN_UNDECLARED_SELECTOR = YES;
				GCC_WARN_UNINITIALIZED_AUTOS = YES_AGGRESSIVE;
				GCC_WARN_UNUSED_FUNCTION = YES;
				GCC_WARN_UNUSED_VARIABLE = YES;
				IPHONEOS_DEPLOYMENT_TARGET = 17.4;
				LOCALIZATION_PREFERS_STRING_CATALOGS = YES;
				MTL_ENABLE_DEBUG_INFO = NO;
				MTL_FAST_MATH = YES;
				SDKROOT = iphoneos;
				SWIFT_COMPILATION_MODE = wholemodule;
				VALIDATE_PRODUCT = YES;
			};
			name = Release;
		};
		86F7D3CE2BEFED890063B9BD /* Debug */ = {
			isa = XCBuildConfiguration;
			buildSettings = {
				ASSETCATALOG_COMPILER_APPICON_NAME = AppIcon;
				ASSETCATALOG_COMPILER_GLOBAL_ACCENT_COLOR_NAME = AccentColor;
				ASSETCATALOG_COMPILER_INCLUDE_ALL_APPICON_ASSETS = YES;
				CODE_SIGN_ENTITLEMENTS = Fondamenti/Fondamenti.entitlements;
				CODE_SIGN_STYLE = Automatic;
				CURRENT_PROJECT_VERSION = 1;
				DEVELOPMENT_ASSET_PATHS = "\"Fondamenti/Preview Content\"";
				DEVELOPMENT_TEAM = TCWMW4U24D;
				ENABLE_PREVIEWS = YES;
				GENERATE_INFOPLIST_FILE = YES;
				INFOPLIST_KEY_UIApplicationSceneManifest_Generation = YES;
				INFOPLIST_KEY_UIApplicationSupportsIndirectInputEvents = YES;
				INFOPLIST_KEY_UILaunchScreen_Generation = YES;
				INFOPLIST_KEY_UISupportedInterfaceOrientations_iPad = "UIInterfaceOrientationPortrait UIInterfaceOrientationPortraitUpsideDown UIInterfaceOrientationLandscapeLeft UIInterfaceOrientationLandscapeRight";
				INFOPLIST_KEY_UISupportedInterfaceOrientations_iPhone = "UIInterfaceOrientationPortrait UIInterfaceOrientationLandscapeLeft UIInterfaceOrientationLandscapeRight";
				LD_RUNPATH_SEARCH_PATHS = (
					"$(inherited)",
					"@executable_path/Frameworks",
				);
				MARKETING_VERSION = 1.0;
				PRODUCT_BUNDLE_IDENTIFIER = com.calliariMichele.Fondamenti;
				PRODUCT_NAME = "$(TARGET_NAME)";
				SWIFT_EMIT_LOC_STRINGS = YES;
				SWIFT_VERSION = 5.0;
				TARGETED_DEVICE_FAMILY = "1,2";
			};
			name = Debug;
		};
		86F7D3CF2BEFED890063B9BD /* Release */ = {
			isa = XCBuildConfiguration;
			buildSettings = {
				ASSETCATALOG_COMPILER_APPICON_NAME = AppIcon;
				ASSETCATALOG_COMPILER_GLOBAL_ACCENT_COLOR_NAME = AccentColor;
				ASSETCATALOG_COMPILER_INCLUDE_ALL_APPICON_ASSETS = YES;
				CODE_SIGN_ENTITLEMENTS = Fondamenti/Fondamenti.entitlements;
				CODE_SIGN_STYLE = Automatic;
				CURRENT_PROJECT_VERSION = 1;
				DEVELOPMENT_ASSET_PATHS = "\"Fondamenti/Preview Content\"";
				DEVELOPMENT_TEAM = TCWMW4U24D;
				ENABLE_PREVIEWS = YES;
				GENERATE_INFOPLIST_FILE = YES;
				INFOPLIST_KEY_UIApplicationSceneManifest_Generation = YES;
				INFOPLIST_KEY_UIApplicationSupportsIndirectInputEvents = YES;
				INFOPLIST_KEY_UILaunchScreen_Generation = YES;
				INFOPLIST_KEY_UISupportedInterfaceOrientations_iPad = "UIInterfaceOrientationPortrait UIInterfaceOrientationPortraitUpsideDown UIInterfaceOrientationLandscapeLeft UIInterfaceOrientationLandscapeRight";
				INFOPLIST_KEY_UISupportedInterfaceOrientations_iPhone = "UIInterfaceOrientationPortrait UIInterfaceOrientationLandscapeLeft UIInterfaceOrientationLandscapeRight";
				LD_RUNPATH_SEARCH_PATHS = (
					"$(inherited)",
					"@executable_path/Frameworks",
				);
				MARKETING_VERSION = 1.0;
				PRODUCT_BUNDLE_IDENTIFIER = com.calliariMichele.Fondamenti;
				PRODUCT_NAME = "$(TARGET_NAME)";
				SWIFT_EMIT_LOC_STRINGS = YES;
				SWIFT_VERSION = 5.0;
				TARGETED_DEVICE_FAMILY = "1,2";
			};
			name = Release;
		};
/* End XCBuildConfiguration section */

/* Begin XCConfigurationList section */
		86F7D3BA2BEFED870063B9BD /* Build configuration list for PBXProject "Fondamenti" */ = {
			isa = XCConfigurationList;
			buildConfigurations = (
				86F7D3CB2BEFED890063B9BD /* Debug */,
				86F7D3CC2BEFED890063B9BD /* Release */,
			);
			defaultConfigurationIsVisible = 0;
			defaultConfigurationName = Release;
		};
		86F7D3CD2BEFED890063B9BD /* Build configuration list for PBXNativeTarget "Fondamenti" */ = {
			isa = XCConfigurationList;
			buildConfigurations = (
				86F7D3CE2BEFED890063B9BD /* Debug */,
				86F7D3CF2BEFED890063B9BD /* Release */,
			);
			defaultConfigurationIsVisible = 0;
			defaultConfigurationName = Release;
		};
/* End XCConfigurationList section */

/* Begin XCRemoteSwiftPackageReference section */
		86C37D4A2C08604400367615 /* XCRemoteSwiftPackageReference "PythonKit" */ = {
			isa = XCRemoteSwiftPackageReference;
			repositoryURL = "https://github.com/pvieito/PythonKit.git";
			requirement = {
				branch = master;
				kind = branch;
			};
		};
/* End XCRemoteSwiftPackageReference section */

/* Begin XCSwiftPackageProductDependency section */
		86C37D4B2C08604400367615 /* PythonKit */ = {
			isa = XCSwiftPackageProductDependency;
			package = 86C37D4A2C08604400367615 /* XCRemoteSwiftPackageReference "PythonKit" */;
			productName = PythonKit;
		};
/* End XCSwiftPackageProductDependency section */
	};
	rootObject = 86F7D3B72BEFED870063B9BD /* Project object */;
}
